
Microsoft Visual Studio Solution File, Format Version 12.00
# Visual Studio Version 17
VisualStudioVersion = 17.0.31903.59
MinimumVisualStudioVersion = 10.0.40219.1
Project("{2150E333-8FDC-42A3-9474-1A3956D46DE8}") = "src", "src", "{827E0CD3-B72D-47B6-A68D-7590B98EB39B}"
EndProject
Project("{FAE04EC0-301F-11D3-BF4B-00C04F79EFBC}") = "ShoppingCart", "src\ShoppingCart\ShoppingCart.csproj", "{B49051AA-2631-4866-B175-DC9D38AB5817}"
EndProject
Project("{FAE04EC0-301F-11D3-BF4B-00C04F79EFBC}") = "OrderManagement.Domain", "src\OrderManagement.Domain\OrderManagement.Domain.csproj", "{148A94A3-9EC6-4977-A0D6-78A6713C4556}"
EndProject
Project("{FAE04EC0-301F-11D3-BF4B-00C04F79EFBC}") = "OrderManagement.Console", "src\OrderManagement.Console\OrderManagement.Console.csproj", "{53BA24FD-8F3D-4987-B439-1D6B1605D7BC}"
EndProject
Project("{FAE04EC0-301F-11D3-BF4B-00C04F79EFBC}") = "OrderManagement.Data", "src\OrderManagement.Data\OrderManagement.Data.csproj", "{E5674B30-83E6-4BD7-B0DF-22026714FD2D}"
EndProject
Project("{FAE04EC0-301F-11D3-BF4B-00C04F79EFBC}") = "DatabaseVerifier", "src\DatabaseVerifier\DatabaseVerifier.csproj", "{0EC6D2F7-966B-4BF7-B2DF-92537D9936E5}"
EndProject
Global
	GlobalSection(SolutionConfigurationPlatforms) = preSolution
		Debug|Any CPU = Debug|Any CPU
		Debug|x64 = Debug|x64
		Debug|x86 = Debug|x86
		Release|Any CPU = Release|Any CPU
		Release|x64 = Release|x64
		Release|x86 = Release|x86
	EndGlobalSection
	GlobalSection(ProjectConfigurationPlatforms) = postSolution
		{B49051AA-2631-4866-B175-DC9D38AB5817}.Debug|Any CPU.ActiveCfg = Debug|Any CPU
		{B49051AA-2631-4866-B175-DC9D38AB5817}.Debug|Any CPU.Build.0 = Debug|Any CPU
		{B49051AA-2631-4866-B175-DC9D38AB5817}.Debug|x64.ActiveCfg = Debug|Any CPU
		{B49051AA-2631-4866-B175-DC9D38AB5817}.Debug|x64.Build.0 = Debug|Any CPU
		{B49051AA-2631-4866-B175-DC9D38AB5817}.Debug|x86.ActiveCfg = Debug|Any CPU
		{B49051AA-2631-4866-B175-DC9D38AB5817}.Debug|x86.Build.0 = Debug|Any CPU
		{B49051AA-2631-4866-B175-DC9D38AB5817}.Release|Any CPU.ActiveCfg = Release|Any CPU
		{B49051AA-2631-4866-B175-DC9D38AB5817}.Release|Any CPU.Build.0 = Release|Any CPU
		{B49051AA-2631-4866-B175-DC9D38AB5817}.Release|x64.ActiveCfg = Release|Any CPU
		{B49051AA-2631-4866-B175-DC9D38AB5817}.Release|x64.Build.0 = Release|Any CPU
		{B49051AA-2631-4866-B175-DC9D38AB5817}.Release|x86.ActiveCfg = Release|Any CPU
		{B49051AA-2631-4866-B175-DC9D38AB5817}.Release|x86.Build.0 = Release|Any CPU
		{148A94A3-9EC6-4977-A0D6-78A6713C4556}.Debug|Any CPU.ActiveCfg = Debug|Any CPU
		{148A94A3-9EC6-4977-A0D6-78A6713C4556}.Debug|Any CPU.Build.0 = Debug|Any CPU
		{148A94A3-9EC6-4977-A0D6-78A6713C4556}.Debug|x64.ActiveCfg = Debug|Any CPU
		{148A94A3-9EC6-4977-A0D6-78A6713C4556}.Debug|x64.Build.0 = Debug|Any CPU
		{148A94A3-9EC6-4977-A0D6-78A6713C4556}.Debug|x86.ActiveCfg = Debug|Any CPU
		{148A94A3-9EC6-4977-A0D6-78A6713C4556}.Debug|x86.Build.0 = Debug|Any CPU
		{148A94A3-9EC6-4977-A0D6-78A6713C4556}.Release|Any CPU.ActiveCfg = Release|Any CPU
		{148A94A3-9EC6-4977-A0D6-78A6713C4556}.Release|Any CPU.Build.0 = Release|Any CPU
		{148A94A3-9EC6-4977-A0D6-78A6713C4556}.Release|x64.ActiveCfg = Release|Any CPU
		{148A94A3-9EC6-4977-A0D6-78A6713C4556}.Release|x64.Build.0 = Release|Any CPU
		{148A94A3-9EC6-4977-A0D6-78A6713C4556}.Release|x86.ActiveCfg = Release|Any CPU
		{148A94A3-9EC6-4977-A0D6-78A6713C4556}.Release|x86.Build.0 = Release|Any CPU
		{53BA24FD-8F3D-4987-B439-1D6B1605D7BC}.Debug|Any CPU.ActiveCfg = Debug|Any CPU
		{53BA24FD-8F3D-4987-B439-1D6B1605D7BC}.Debug|Any CPU.Build.0 = Debug|Any CPU
		{53BA24FD-8F3D-4987-B439-1D6B1605D7BC}.Debug|x64.ActiveCfg = Debug|Any CPU
		{53BA24FD-8F3D-4987-B439-1D6B1605D7BC}.Debug|x64.Build.0 = Debug|Any CPU
		{53BA24FD-8F3D-4987-B439-1D6B1605D7BC}.Debug|x86.ActiveCfg = Debug|Any CPU
		{53BA24FD-8F3D-4987-B439-1D6B1605D7BC}.Debug|x86.Build.0 = Debug|Any CPU
		{53BA24FD-8F3D-4987-B439-1D6B1605D7BC}.Release|Any CPU.ActiveCfg = Release|Any CPU
		{53BA24FD-8F3D-4987-B439-1D6B1605D7BC}.Release|Any CPU.Build.0 = Release|Any CPU
		{53BA24FD-8F3D-4987-B439-1D6B1605D7BC}.Release|x64.ActiveCfg = Release|Any CPU
		{53BA24FD-8F3D-4987-B439-1D6B1605D7BC}.Release|x64.Build.0 = Release|Any CPU
		{53BA24FD-8F3D-4987-B439-1D6B1605D7BC}.Release|x86.ActiveCfg = Release|Any CPU
		{53BA24FD-8F3D-4987-B439-1D6B1605D7BC}.Release|x86.Build.0 = Release|Any CPU
		{E5674B30-83E6-4BD7-B0DF-22026714FD2D}.Debug|Any CPU.ActiveCfg = Debug|Any CPU
		{E5674B30-83E6-4BD7-B0DF-22026714FD2D}.Debug|Any CPU.Build.0 = Debug|Any CPU
		{E5674B30-83E6-4BD7-B0DF-22026714FD2D}.Debug|x64.ActiveCfg = Debug|Any CPU
		{E5674B30-83E6-4BD7-B0DF-22026714FD2D}.Debug|x64.Build.0 = Debug|Any CPU
		{E5674B30-83E6-4BD7-B0DF-22026714FD2D}.Debug|x86.ActiveCfg = Debug|Any CPU
		{E5674B30-83E6-4BD7-B0DF-22026714FD2D}.Debug|x86.Build.0 = Debug|Any CPU
		{E5674B30-83E6-4BD7-B0DF-22026714FD2D}.Release|Any CPU.ActiveCfg = Release|Any CPU
		{E5674B30-83E6-4BD7-B0DF-22026714FD2D}.Release|Any CPU.Build.0 = Release|Any CPU
		{E5674B30-83E6-4BD7-B0DF-22026714FD2D}.Release|x64.ActiveCfg = Release|Any CPU
		{E5674B30-83E6-4BD7-B0DF-22026714FD2D}.Release|x64.Build.0 = Release|Any CPU
		{E5674B30-83E6-4BD7-B0DF-22026714FD2D}.Release|x86.ActiveCfg = Release|Any CPU
		{E5674B30-83E6-4BD7-B0DF-22026714FD2D}.Release|x86.Build.0 = Release|Any CPU
		{0EC6D2F7-966B-4BF7-B2DF-92537D9936E5}.Debug|Any CPU.ActiveCfg = Debug|Any CPU
		{0EC6D2F7-966B-4BF7-B2DF-92537D9936E5}.Debug|Any CPU.Build.0 = Debug|Any CPU
		{0EC6D2F7-966B-4BF7-B2DF-92537D9936E5}.Debug|x64.ActiveCfg = Debug|Any CPU
		{0EC6D2F7-966B-4BF7-B2DF-92537D9936E5}.Debug|x64.Build.0 = Debug|Any CPU
		{0EC6D2F7-966B-4BF7-B2DF-92537D9936E5}.Debug|x86.ActiveCfg = Debug|Any CPU
		{0EC6D2F7-966B-4BF7-B2DF-92537D9936E5}.Debug|x86.Build.0 = Debug|Any CPU
		{0EC6D2F7-966B-4BF7-B2DF-92537D9936E5}.Release|Any CPU.ActiveCfg = Release|Any CPU
		{0EC6D2F7-966B-4BF7-B2DF-92537D9936E5}.Release|Any CPU.Build.0 = Release|Any CPU
		{0EC6D2F7-966B-4BF7-B2DF-92537D9936E5}.Release|x64.ActiveCfg = Release|Any CPU
		{0EC6D2F7-966B-4BF7-B2DF-92537D9936E5}.Release|x64.Build.0 = Release|Any CPU
		{0EC6D2F7-966B-4BF7-B2DF-92537D9936E5}.Release|x86.ActiveCfg = Release|Any CPU
		{0EC6D2F7-966B-4BF7-B2DF-92537D9936E5}.Release|x86.Build.0 = Release|Any CPU
	EndGlobalSection
	GlobalSection(SolutionProperties) = preSolution
		HideSolutionNode = FALSE
	EndGlobalSection
	GlobalSection(NestedProjects) = preSolution
		{B49051AA-2631-4866-B175-DC9D38AB5817} = {827E0CD3-B72D-47B6-A68D-7590B98EB39B}
		{148A94A3-9EC6-4977-A0D6-78A6713C4556} = {827E0CD3-B72D-47B6-A68D-7590B98EB39B}
		{53BA24FD-8F3D-4987-B439-1D6B1605D7BC} = {827E0CD3-B72D-47B6-A68D-7590B98EB39B}
		{E5674B30-83E6-4BD7-B0DF-22026714FD2D} = {827E0CD3-B72D-47B6-A68D-7590B98EB39B}
		{0EC6D2F7-966B-4BF7-B2DF-92537D9936E5} = {827E0CD3-B72D-47B6-A68D-7590B98EB39B}
	EndGlobalSection
EndGlobal
